
Microsoft Visual Studio Solution File, Format Version 12.00
# Visual Studio 15
VisualStudioVersion = 15.0.28307.106
MinimumVisualStudioVersion = 10.0.40219.1
Project("{FAE04EC0-301F-11D3-BF4B-00C04F79EFBC}") = "WpfColorPicker", "WpfColorPicker.csproj", "{FF8583F8-B13F-4510-8164-A7B4DBF666AA}"
EndProject
Project("{FAE04EC0-301F-11D3-BF4B-00C04F79EFBC}") = "Example", "..\Example\Example.csproj", "{BF34857F-4096-49BB-92A0-B901B2FC1027}"
EndProject
Global
	GlobalSection(SolutionConfigurationPlatforms) = preSolution
		Debug|Any CPU = Debug|Any CPU
		Release|Any CPU = Release|Any CPU
	EndGlobalSection
	GlobalSection(ProjectConfigurationPlatforms) = postSolution
		{FF8583F8-B13F-4510-8164-A7B4DBF666AA}.Debug|Any CPU.ActiveCfg = Debug|Any CPU
		{FF8583F8-B13F-4510-8164-A7B4DBF666AA}.Debug|Any CPU.Build.0 = Debug|Any CPU
		{FF8583F8-B13F-4510-8164-A7B4DBF666AA}.Release|Any CPU.ActiveCfg = Release|Any CPU
		{FF8583F8-B13F-4510-8164-A7B4DBF666AA}.Release|Any CPU.Build.0 = Release|Any CPU
		{BF34857F-4096-49BB-92A0-B901B2FC1027}.Debug|Any CPU.ActiveCfg = Debug|Any CPU
		{BF34857F-4096-49BB-92A0-B901B2FC1027}.Debug|Any CPU.Build.0 = Debug|Any CPU
		{BF34857F-4096-49BB-92A0-B901B2FC1027}.Release|Any CPU.ActiveCfg = Release|Any CPU
		{BF34857F-4096-49BB-92A0-B901B2FC1027}.Release|Any CPU.Build.0 = Release|Any CPU
	EndGlobalSection
	GlobalSection(SolutionProperties) = preSolution
		HideSolutionNode = FALSE
	EndGlobalSection
	GlobalSection(ExtensibilityGlobals) = postSolution
		SolutionGuid = {2A5AC414-283D-48C7-BA36-B48BB1CBF67D}
	EndGlobalSection
EndGlobal
